
Microsoft Visual Studio Solution File, Format Version 12.00
# Visual Studio Version 17
VisualStudioVersion = 17.3.32811.315
MinimumVisualStudioVersion = 10.0.40219.1
Project("{FAE04EC0-301F-11D3-BF4B-00C04F79EFBC}") = "ConsoleApp", "ConsoleApp\ConsoleApp.csproj", "{B7C397F7-8EC5-4539-B090-B98AAF090179}"
EndProject
Global
	GlobalSection(SolutionConfigurationPlatforms) = preSolution
		Debug|Any CPU = Debug|Any CPU
		Release|Any CPU = Release|Any CPU
	EndGlobalSection
	GlobalSection(ProjectConfigurationPlatforms) = postSolution
		{B7C397F7-8EC5-4539-B090-B98AAF090179}.Debug|Any CPU.ActiveCfg = Debug|Any CPU
		{B7C397F7-8EC5-4539-B090-B98AAF090179}.Debug|Any CPU.Build.0 = Debug|Any CPU
		{B7C397F7-8EC5-4539-B090-B98AAF090179}.Release|Any CPU.ActiveCfg = Release|Any CPU
		{B7C397F7-8EC5-4539-B090-B98AAF090179}.Release|Any CPU.Build.0 = Release|Any CPU
	EndGlobalSection
	GlobalSection(SolutionProperties) = preSolution
		HideSolutionNode = FALSE
	EndGlobalSection
	GlobalSection(ExtensibilityGlobals) = postSolution
		SolutionGuid = {516C3AF9-5FB2-40A6-9310-7125657FACE6}
	EndGlobalSection
EndGlobal
